
Microsoft Visual Studio Solution File, Format Version 12.00
Project("{FAE04EC0-301F-11D3-BF4B-00C04F79EFBC}") = "Assignment03", "Assignment03\Assignment03.csproj", "{E4AE238F-1054-4CDA-96FB-4E5F9C526078}"
EndProject
Project("{FAE04EC0-301F-11D3-BF4B-00C04F79EFBC}") = "Q1", "Q1\Q1.csproj", "{B5CFA61F-4804-4B00-8510-B6A0880C07E0}"
EndProject
Project("{FAE04EC0-301F-11D3-BF4B-00C04F79EFBC}") = "Q2", "Q2\Q2.csproj", "{DA2F11F8-92AC-47A3-ACDB-59CED1239A89}"
EndProject
Project("{FAE04EC0-301F-11D3-BF4B-00C04F79EFBC}") = "Q3", "Q3\Q3.csproj", "{4AFDADE7-210E-46E3-A998-1498B56C508B}"
EndProject
Project("{FAE04EC0-301F-11D3-BF4B-00C04F79EFBC}") = "Q4", "Q4\Q4.csproj", "{B10927C9-FE6B-4539-BA3B-F2883D06675B}"
EndProject
Global
	GlobalSection(SolutionConfigurationPlatforms) = preSolution
		Debug|Any CPU = Debug|Any CPU
		Release|Any CPU = Release|Any CPU
	EndGlobalSection
	GlobalSection(ProjectConfigurationPlatforms) = postSolution
		{E4AE238F-1054-4CDA-96FB-4E5F9C526078}.Debug|Any CPU.ActiveCfg = Debug|Any CPU
		{E4AE238F-1054-4CDA-96FB-4E5F9C526078}.Debug|Any CPU.Build.0 = Debug|Any CPU
		{E4AE238F-1054-4CDA-96FB-4E5F9C526078}.Release|Any CPU.ActiveCfg = Release|Any CPU
		{E4AE238F-1054-4CDA-96FB-4E5F9C526078}.Release|Any CPU.Build.0 = Release|Any CPU
		{B5CFA61F-4804-4B00-8510-B6A0880C07E0}.Debug|Any CPU.ActiveCfg = Debug|Any CPU
		{B5CFA61F-4804-4B00-8510-B6A0880C07E0}.Debug|Any CPU.Build.0 = Debug|Any CPU
		{B5CFA61F-4804-4B00-8510-B6A0880C07E0}.Release|Any CPU.ActiveCfg = Release|Any CPU
		{B5CFA61F-4804-4B00-8510-B6A0880C07E0}.Release|Any CPU.Build.0 = Release|Any CPU
		{DA2F11F8-92AC-47A3-ACDB-59CED1239A89}.Debug|Any CPU.ActiveCfg = Debug|Any CPU
		{DA2F11F8-92AC-47A3-ACDB-59CED1239A89}.Debug|Any CPU.Build.0 = Debug|Any CPU
		{DA2F11F8-92AC-47A3-ACDB-59CED1239A89}.Release|Any CPU.ActiveCfg = Release|Any CPU
		{DA2F11F8-92AC-47A3-ACDB-59CED1239A89}.Release|Any CPU.Build.0 = Release|Any CPU
		{4AFDADE7-210E-46E3-A998-1498B56C508B}.Debug|Any CPU.ActiveCfg = Debug|Any CPU
		{4AFDADE7-210E-46E3-A998-1498B56C508B}.Debug|Any CPU.Build.0 = Debug|Any CPU
		{4AFDADE7-210E-46E3-A998-1498B56C508B}.Release|Any CPU.ActiveCfg = Release|Any CPU
		{4AFDADE7-210E-46E3-A998-1498B56C508B}.Release|Any CPU.Build.0 = Release|Any CPU
		{B10927C9-FE6B-4539-BA3B-F2883D06675B}.Debug|Any CPU.ActiveCfg = Debug|Any CPU
		{B10927C9-FE6B-4539-BA3B-F2883D06675B}.Debug|Any CPU.Build.0 = Debug|Any CPU
		{B10927C9-FE6B-4539-BA3B-F2883D06675B}.Release|Any CPU.ActiveCfg = Release|Any CPU
		{B10927C9-FE6B-4539-BA3B-F2883D06675B}.Release|Any CPU.Build.0 = Release|Any CPU
	EndGlobalSection
EndGlobal
