
Microsoft Visual Studio Solution File, Format Version 12.00
Project("{FAE04EC0-301F-11D3-BF4B-00C04F79EFBC}") = "02UnderstandingTypes", "02UnderstandingTypes\02UnderstandingTypes.csproj", "{EB4556EC-4AAE-4B8B-A277-CDF643786BAB}"
EndProject
Project("{FAE04EC0-301F-11D3-BF4B-00C04F79EFBC}") = "03ConvertCentury", "03ConvertCentury\03ConvertCentury.csproj", "{68C30A6E-DE20-426A-9A51-6259A111CC64}"
EndProject
Project("{FAE04EC0-301F-11D3-BF4B-00C04F79EFBC}") = "04ControlFlowAndConvertTypes", "04ControlFlowAndConvertTypes\04ControlFlowAndConvertTypes.csproj", "{E8C0A781-FF3B-474A-B7B3-22D2539E4FA5}"
EndProject
Project("{FAE04EC0-301F-11D3-BF4B-00C04F79EFBC}") = "01UnderstandDataTypes", "01UnderstandDataTypes\01UnderstandDataTypes.csproj", "{9CFEF68D-7383-46EC-AA4C-0C52820F539B}"
EndProject
Project("{FAE04EC0-301F-11D3-BF4B-00C04F79EFBC}") = "05FizzBuzzis", "05FizzBuzzis\05FizzBuzzis.csproj", "{22933080-9C3A-4FA7-8289-994C66BD9BE0}"
EndProject
Project("{FAE04EC0-301F-11D3-BF4B-00C04F79EFBC}") = "06GuessNumber", "06GuessNumber\06GuessNumber.csproj", "{B7AF8AD6-92A6-4559-B014-AD05A297EA72}"
EndProject
Project("{FAE04EC0-301F-11D3-BF4B-00C04F79EFBC}") = "07Pyramid", "07Pyramid\07Pyramid.csproj", "{57CEE5B7-4523-4AA9-85A4-E33921C7EA68}"
EndProject
Project("{FAE04EC0-301F-11D3-BF4B-00C04F79EFBC}") = "08BirthDate", "08BirthDate\08BirthDate.csproj", "{ED6EA16F-E9CF-4A4A-8A08-4CAF1A81FB3C}"
EndProject
Project("{FAE04EC0-301F-11D3-BF4B-00C04F79EFBC}") = "09Greeting", "09Greeting\09Greeting.csproj", "{AA368376-A118-467A-BC3B-CA1D73314A27}"
EndProject
Project("{FAE04EC0-301F-11D3-BF4B-00C04F79EFBC}") = "10Increament", "10Increament\10Increament.csproj", "{0C265995-A952-4102-8FD8-693D2D1AD7C1}"
EndProject
Global
	GlobalSection(SolutionConfigurationPlatforms) = preSolution
		Debug|Any CPU = Debug|Any CPU
		Release|Any CPU = Release|Any CPU
	EndGlobalSection
	GlobalSection(ProjectConfigurationPlatforms) = postSolution
		{EB4556EC-4AAE-4B8B-A277-CDF643786BAB}.Debug|Any CPU.ActiveCfg = Debug|Any CPU
		{EB4556EC-4AAE-4B8B-A277-CDF643786BAB}.Debug|Any CPU.Build.0 = Debug|Any CPU
		{EB4556EC-4AAE-4B8B-A277-CDF643786BAB}.Release|Any CPU.ActiveCfg = Release|Any CPU
		{EB4556EC-4AAE-4B8B-A277-CDF643786BAB}.Release|Any CPU.Build.0 = Release|Any CPU
		{68C30A6E-DE20-426A-9A51-6259A111CC64}.Debug|Any CPU.ActiveCfg = Debug|Any CPU
		{68C30A6E-DE20-426A-9A51-6259A111CC64}.Debug|Any CPU.Build.0 = Debug|Any CPU
		{68C30A6E-DE20-426A-9A51-6259A111CC64}.Release|Any CPU.ActiveCfg = Release|Any CPU
		{68C30A6E-DE20-426A-9A51-6259A111CC64}.Release|Any CPU.Build.0 = Release|Any CPU
		{E8C0A781-FF3B-474A-B7B3-22D2539E4FA5}.Debug|Any CPU.ActiveCfg = Debug|Any CPU
		{E8C0A781-FF3B-474A-B7B3-22D2539E4FA5}.Debug|Any CPU.Build.0 = Debug|Any CPU
		{E8C0A781-FF3B-474A-B7B3-22D2539E4FA5}.Release|Any CPU.ActiveCfg = Release|Any CPU
		{E8C0A781-FF3B-474A-B7B3-22D2539E4FA5}.Release|Any CPU.Build.0 = Release|Any CPU
		{9CFEF68D-7383-46EC-AA4C-0C52820F539B}.Debug|Any CPU.ActiveCfg = Debug|Any CPU
		{9CFEF68D-7383-46EC-AA4C-0C52820F539B}.Debug|Any CPU.Build.0 = Debug|Any CPU
		{9CFEF68D-7383-46EC-AA4C-0C52820F539B}.Release|Any CPU.ActiveCfg = Release|Any CPU
		{9CFEF68D-7383-46EC-AA4C-0C52820F539B}.Release|Any CPU.Build.0 = Release|Any CPU
		{22933080-9C3A-4FA7-8289-994C66BD9BE0}.Debug|Any CPU.ActiveCfg = Debug|Any CPU
		{22933080-9C3A-4FA7-8289-994C66BD9BE0}.Debug|Any CPU.Build.0 = Debug|Any CPU
		{22933080-9C3A-4FA7-8289-994C66BD9BE0}.Release|Any CPU.ActiveCfg = Release|Any CPU
		{22933080-9C3A-4FA7-8289-994C66BD9BE0}.Release|Any CPU.Build.0 = Release|Any CPU
		{B7AF8AD6-92A6-4559-B014-AD05A297EA72}.Debug|Any CPU.ActiveCfg = Debug|Any CPU
		{B7AF8AD6-92A6-4559-B014-AD05A297EA72}.Debug|Any CPU.Build.0 = Debug|Any CPU
		{B7AF8AD6-92A6-4559-B014-AD05A297EA72}.Release|Any CPU.ActiveCfg = Release|Any CPU
		{B7AF8AD6-92A6-4559-B014-AD05A297EA72}.Release|Any CPU.Build.0 = Release|Any CPU
		{57CEE5B7-4523-4AA9-85A4-E33921C7EA68}.Debug|Any CPU.ActiveCfg = Debug|Any CPU
		{57CEE5B7-4523-4AA9-85A4-E33921C7EA68}.Debug|Any CPU.Build.0 = Debug|Any CPU
		{57CEE5B7-4523-4AA9-85A4-E33921C7EA68}.Release|Any CPU.ActiveCfg = Release|Any CPU
		{57CEE5B7-4523-4AA9-85A4-E33921C7EA68}.Release|Any CPU.Build.0 = Release|Any CPU
		{ED6EA16F-E9CF-4A4A-8A08-4CAF1A81FB3C}.Debug|Any CPU.ActiveCfg = Debug|Any CPU
		{ED6EA16F-E9CF-4A4A-8A08-4CAF1A81FB3C}.Debug|Any CPU.Build.0 = Debug|Any CPU
		{ED6EA16F-E9CF-4A4A-8A08-4CAF1A81FB3C}.Release|Any CPU.ActiveCfg = Release|Any CPU
		{ED6EA16F-E9CF-4A4A-8A08-4CAF1A81FB3C}.Release|Any CPU.Build.0 = Release|Any CPU
		{AA368376-A118-467A-BC3B-CA1D73314A27}.Debug|Any CPU.ActiveCfg = Debug|Any CPU
		{AA368376-A118-467A-BC3B-CA1D73314A27}.Debug|Any CPU.Build.0 = Debug|Any CPU
		{AA368376-A118-467A-BC3B-CA1D73314A27}.Release|Any CPU.ActiveCfg = Release|Any CPU
		{AA368376-A118-467A-BC3B-CA1D73314A27}.Release|Any CPU.Build.0 = Release|Any CPU
		{0C265995-A952-4102-8FD8-693D2D1AD7C1}.Debug|Any CPU.ActiveCfg = Debug|Any CPU
		{0C265995-A952-4102-8FD8-693D2D1AD7C1}.Debug|Any CPU.Build.0 = Debug|Any CPU
		{0C265995-A952-4102-8FD8-693D2D1AD7C1}.Release|Any CPU.ActiveCfg = Release|Any CPU
		{0C265995-A952-4102-8FD8-693D2D1AD7C1}.Release|Any CPU.Build.0 = Release|Any CPU
	EndGlobalSection
EndGlobal
